
Microsoft Visual Studio Solution File, Format Version 12.00
Project("{FAE04EC0-301F-11D3-BF4B-00C04F79EFBC}") = "PassMeta.DesktopApp.Ui", "PassMeta.DesktopApp.Ui\PassMeta.DesktopApp.Ui.csproj", "{F3B476D3-5508-4E72-828C-83F799E24012}"
EndProject
Project("{FAE04EC0-301F-11D3-BF4B-00C04F79EFBC}") = "PassMeta.DesktopApp.Core", "PassMeta.DesktopApp.Core\PassMeta.DesktopApp.Core.csproj", "{CDBC6D2D-7F8B-412B-B05B-575187DC7AA1}"
EndProject
Project("{FAE04EC0-301F-11D3-BF4B-00C04F79EFBC}") = "PassMeta.DesktopApp.Common", "PassMeta.DesktopApp.Common\PassMeta.DesktopApp.Common.csproj", "{6E246CD2-FBB0-4388-905C-6FF6274CABAC}"
EndProject
Project("{FAE04EC0-301F-11D3-BF4B-00C04F79EFBC}") = "AvaloniaGif", "AvaloniaGif\AvaloniaGif.csproj", "{ABAB9A45-C6DB-434D-9743-0D64C474D5D9}"
EndProject
Project("{2150E333-8FDC-42A3-9474-1A3956D46DE8}") = "etc", "etc", "{C49DCAB8-C0C1-4CCE-B74A-69565DD26BE5}"
	ProjectSection(SolutionItems) = preProject
		.props = .props
		readme.md = readme.md
		.gitignore = .gitignore
	EndProjectSection
EndProject
Project("{FAE04EC0-301F-11D3-BF4B-00C04F79EFBC}") = "PassMeta.DesktopApp.Ui.Models", "PassMeta.DesktopApp.Ui.Models\PassMeta.DesktopApp.Ui.Models.csproj", "{BB2BE37B-7AD5-47D3-9AA2-CBBD77DC9CCA}"
EndProject
Project("{2150E333-8FDC-42A3-9474-1A3956D46DE8}") = "scripts", "scripts", "{40ED93AB-8635-4A87-B8AA-CA275A8019ED}"
	ProjectSection(SolutionItems) = preProject
		publish\publish-windows.bat = publish\publish-windows.bat
	EndProjectSection
EndProject
Global
	GlobalSection(SolutionConfigurationPlatforms) = preSolution
		Debug|Any CPU = Debug|Any CPU
		Release|Any CPU = Release|Any CPU
	EndGlobalSection
	GlobalSection(ProjectConfigurationPlatforms) = postSolution
		{F3B476D3-5508-4E72-828C-83F799E24012}.Debug|Any CPU.ActiveCfg = Debug|Any CPU
		{F3B476D3-5508-4E72-828C-83F799E24012}.Debug|Any CPU.Build.0 = Debug|Any CPU
		{F3B476D3-5508-4E72-828C-83F799E24012}.Release|Any CPU.ActiveCfg = Release|Any CPU
		{F3B476D3-5508-4E72-828C-83F799E24012}.Release|Any CPU.Build.0 = Release|Any CPU
		{CDBC6D2D-7F8B-412B-B05B-575187DC7AA1}.Debug|Any CPU.ActiveCfg = Debug|Any CPU
		{CDBC6D2D-7F8B-412B-B05B-575187DC7AA1}.Debug|Any CPU.Build.0 = Debug|Any CPU
		{CDBC6D2D-7F8B-412B-B05B-575187DC7AA1}.Release|Any CPU.ActiveCfg = Release|Any CPU
		{CDBC6D2D-7F8B-412B-B05B-575187DC7AA1}.Release|Any CPU.Build.0 = Release|Any CPU
		{6E246CD2-FBB0-4388-905C-6FF6274CABAC}.Debug|Any CPU.ActiveCfg = Debug|Any CPU
		{6E246CD2-FBB0-4388-905C-6FF6274CABAC}.Debug|Any CPU.Build.0 = Debug|Any CPU
		{6E246CD2-FBB0-4388-905C-6FF6274CABAC}.Release|Any CPU.ActiveCfg = Release|Any CPU
		{6E246CD2-FBB0-4388-905C-6FF6274CABAC}.Release|Any CPU.Build.0 = Release|Any CPU
		{ABAB9A45-C6DB-434D-9743-0D64C474D5D9}.Debug|Any CPU.ActiveCfg = Debug|Any CPU
		{ABAB9A45-C6DB-434D-9743-0D64C474D5D9}.Debug|Any CPU.Build.0 = Debug|Any CPU
		{ABAB9A45-C6DB-434D-9743-0D64C474D5D9}.Release|Any CPU.ActiveCfg = Release|Any CPU
		{ABAB9A45-C6DB-434D-9743-0D64C474D5D9}.Release|Any CPU.Build.0 = Release|Any CPU
		{BB2BE37B-7AD5-47D3-9AA2-CBBD77DC9CCA}.Debug|Any CPU.ActiveCfg = Debug|Any CPU
		{BB2BE37B-7AD5-47D3-9AA2-CBBD77DC9CCA}.Debug|Any CPU.Build.0 = Debug|Any CPU
		{BB2BE37B-7AD5-47D3-9AA2-CBBD77DC9CCA}.Release|Any CPU.ActiveCfg = Release|Any CPU
		{BB2BE37B-7AD5-47D3-9AA2-CBBD77DC9CCA}.Release|Any CPU.Build.0 = Release|Any CPU
	EndGlobalSection
EndGlobal
